
Microsoft Visual Studio Solution File, Format Version 12.00
# Visual Studio 15
VisualStudioVersion = 15.0.26228.12
MinimumVisualStudioVersion = 10.0.40219.1
Project("{FAE04EC0-301F-11D3-BF4B-00C04F79EFBC}") = "MC", "MC\MC.csproj", "{EFCDF560-47B6-4948-B0B5-D23F27B6C5F9}"
EndProject
Project("{FAE04EC0-301F-11D3-BF4B-00C04F79EFBC}") = "Player", "Player\Player.csproj", "{DDE6159D-8DA6-43CC-8067-81566F45F11E}"
EndProject
Project("{FAE04EC0-301F-11D3-BF4B-00C04F79EFBC}") = "CServer", "Server\CServer.csproj", "{452FA37B-E7C3-4727-9B39-0E744B38EEB8}"
EndProject
Global
	GlobalSection(SolutionConfigurationPlatforms) = preSolution
		Debug|Any CPU = Debug|Any CPU
		Release|Any CPU = Release|Any CPU
	EndGlobalSection
	GlobalSection(ProjectConfigurationPlatforms) = postSolution
		{EFCDF560-47B6-4948-B0B5-D23F27B6C5F9}.Debug|Any CPU.ActiveCfg = Debug|Any CPU
		{EFCDF560-47B6-4948-B0B5-D23F27B6C5F9}.Debug|Any CPU.Build.0 = Debug|Any CPU
		{EFCDF560-47B6-4948-B0B5-D23F27B6C5F9}.Release|Any CPU.ActiveCfg = Release|Any CPU
		{EFCDF560-47B6-4948-B0B5-D23F27B6C5F9}.Release|Any CPU.Build.0 = Release|Any CPU
		{DDE6159D-8DA6-43CC-8067-81566F45F11E}.Debug|Any CPU.ActiveCfg = Debug|Any CPU
		{DDE6159D-8DA6-43CC-8067-81566F45F11E}.Debug|Any CPU.Build.0 = Debug|Any CPU
		{DDE6159D-8DA6-43CC-8067-81566F45F11E}.Release|Any CPU.ActiveCfg = Release|Any CPU
		{DDE6159D-8DA6-43CC-8067-81566F45F11E}.Release|Any CPU.Build.0 = Release|Any CPU
		{452FA37B-E7C3-4727-9B39-0E744B38EEB8}.Debug|Any CPU.ActiveCfg = Debug|Any CPU
		{452FA37B-E7C3-4727-9B39-0E744B38EEB8}.Debug|Any CPU.Build.0 = Debug|Any CPU
		{452FA37B-E7C3-4727-9B39-0E744B38EEB8}.Release|Any CPU.ActiveCfg = Release|Any CPU
		{452FA37B-E7C3-4727-9B39-0E744B38EEB8}.Release|Any CPU.Build.0 = Release|Any CPU
	EndGlobalSection
	GlobalSection(SolutionProperties) = preSolution
		HideSolutionNode = FALSE
	EndGlobalSection
EndGlobal
